// !$*UTF8*$!
{
	archiveVersion = 1;
	classes = {
	};
	objectVersion = 46;
	objects = {

/* Begin PBXBuildFile section */
		870F1D381AE3817B004C9072 /* main.m in Sources */ = {isa = PBXBuildFile; fileRef = 870F1D371AE3817B004C9072 /* main.m */; };
		870F1D3B1AE3817B004C9072 /* AppDelegate.m in Sources */ = {isa = PBXBuildFile; fileRef = 870F1D3A1AE3817B004C9072 /* AppDelegate.m */; };
		870F1D3E1AE3817B004C9072 /* ViewController.m in Sources */ = {isa = PBXBuildFile; fileRef = 870F1D3D1AE3817B004C9072 /* ViewController.m */; };
		870F1D411AE3817B004C9072 /* Main.storyboard in Resources */ = {isa = PBXBuildFile; fileRef = 870F1D3F1AE3817B004C9072 /* Main.storyboard */; };
		870F1D431AE3817B004C9072 /* Images.xcassets in Resources */ = {isa = PBXBuildFile; fileRef = 870F1D421AE3817B004C9072 /* Images.xcassets */; };
		870F1D461AE3817B004C9072 /* LaunchScreen.xib in Resources */ = {isa = PBXBuildFile; fileRef = 870F1D441AE3817B004C9072 /* LaunchScreen.xib */; };
		870F1D521AE3817B004C9072 /* PhotoSharingAppTests.m in Sources */ = {isa = PBXBuildFile; fileRef = 870F1D511AE3817B004C9072 /* PhotoSharingAppTests.m */; };
		873855381AE98C4D00168B3A /* AFHTTPRequestOperation.m in Sources */ = {isa = PBXBuildFile; fileRef = 873855141AE98C4D00168B3A /* AFHTTPRequestOperation.m */; };
		873855391AE98C4D00168B3A /* AFHTTPRequestOperationManager.m in Sources */ = {isa = PBXBuildFile; fileRef = 873855161AE98C4D00168B3A /* AFHTTPRequestOperationManager.m */; };
		8738553A1AE98C4D00168B3A /* AFHTTPSessionManager.m in Sources */ = {isa = PBXBuildFile; fileRef = 873855181AE98C4D00168B3A /* AFHTTPSessionManager.m */; };
		8738553B1AE98C4D00168B3A /* AFNetworkReachabilityManager.m in Sources */ = {isa = PBXBuildFile; fileRef = 8738551B1AE98C4D00168B3A /* AFNetworkReachabilityManager.m */; };
		8738553C1AE98C4D00168B3A /* AFSecurityPolicy.m in Sources */ = {isa = PBXBuildFile; fileRef = 8738551D1AE98C4D00168B3A /* AFSecurityPolicy.m */; };
		8738553D1AE98C4D00168B3A /* AFURLConnectionOperation.m in Sources */ = {isa = PBXBuildFile; fileRef = 8738551F1AE98C4D00168B3A /* AFURLConnectionOperation.m */; };
		8738553E1AE98C4D00168B3A /* AFURLRequestSerialization.m in Sources */ = {isa = PBXBuildFile; fileRef = 873855211AE98C4D00168B3A /* AFURLRequestSerialization.m */; };
		8738553F1AE98C4D00168B3A /* AFURLResponseSerialization.m in Sources */ = {isa = PBXBuildFile; fileRef = 873855231AE98C4D00168B3A /* AFURLResponseSerialization.m */; };
		873855401AE98C4D00168B3A /* AFURLSessionManager.m in Sources */ = {isa = PBXBuildFile; fileRef = 873855251AE98C4D00168B3A /* AFURLSessionManager.m */; };
		873855411AE98C4D00168B3A /* AFNetworkActivityIndicatorManager.m in Sources */ = {isa = PBXBuildFile; fileRef = 873855281AE98C4D00168B3A /* AFNetworkActivityIndicatorManager.m */; };
		873855421AE98C4D00168B3A /* UIActivityIndicatorView+AFNetworking.m in Sources */ = {isa = PBXBuildFile; fileRef = 8738552A1AE98C4D00168B3A /* UIActivityIndicatorView+AFNetworking.m */; };
		873855431AE98C4D00168B3A /* UIAlertView+AFNetworking.m in Sources */ = {isa = PBXBuildFile; fileRef = 8738552C1AE98C4D00168B3A /* UIAlertView+AFNetworking.m */; };
		873855441AE98C4D00168B3A /* UIButton+AFNetworking.m in Sources */ = {isa = PBXBuildFile; fileRef = 8738552E1AE98C4D00168B3A /* UIButton+AFNetworking.m */; };
		873855451AE98C4D00168B3A /* UIImageView+AFNetworking.m in Sources */ = {isa = PBXBuildFile; fileRef = 873855301AE98C4D00168B3A /* UIImageView+AFNetworking.m */; };
		873855461AE98C4D00168B3A /* UIProgressView+AFNetworking.m in Sources */ = {isa = PBXBuildFile; fileRef = 873855331AE98C4D00168B3A /* UIProgressView+AFNetworking.m */; };
		873855471AE98C4D00168B3A /* UIRefreshControl+AFNetworking.m in Sources */ = {isa = PBXBuildFile; fileRef = 873855351AE98C4D00168B3A /* UIRefreshControl+AFNetworking.m */; };
		873855481AE98C4D00168B3A /* UIWebView+AFNetworking.m in Sources */ = {isa = PBXBuildFile; fileRef = 873855371AE98C4D00168B3A /* UIWebView+AFNetworking.m */; };
		87AB4E451AE38A3800636DB0 /* Bolts.framework in Frameworks */ = {isa = PBXBuildFile; fileRef = 87AB4E411AE38A3800636DB0 /* Bolts.framework */; };
		87AB4E461AE38A3800636DB0 /* FBSDKCoreKit.framework in Frameworks */ = {isa = PBXBuildFile; fileRef = 87AB4E421AE38A3800636DB0 /* FBSDKCoreKit.framework */; };
		87AB4E471AE38A3800636DB0 /* FBSDKLoginKit.framework in Frameworks */ = {isa = PBXBuildFile; fileRef = 87AB4E431AE38A3800636DB0 /* FBSDKLoginKit.framework */; };
		87AB4E481AE38A3800636DB0 /* FBSDKShareKit.framework in Frameworks */ = {isa = PBXBuildFile; fileRef = 87AB4E441AE38A3800636DB0 /* FBSDKShareKit.framework */; };
		87E7A23A1AE6FD9600D84195 /* MessageUI.framework in Frameworks */ = {isa = PBXBuildFile; fileRef = 87E7A2391AE6FD9600D84195 /* MessageUI.framework */; };
/* End PBXBuildFile section */

/* Begin PBXContainerItemProxy section */
		870F1D4C1AE3817B004C9072 /* PBXContainerItemProxy */ = {
			isa = PBXContainerItemProxy;
			containerPortal = 870F1D2A1AE3817B004C9072 /* Project object */;
			proxyType = 1;
			remoteGlobalIDString = 870F1D311AE3817B004C9072;
			remoteInfo = PhotoSharingApp;
		};
/* End PBXContainerItemProxy section */

/* Begin PBXFileReference section */
		870F1D321AE3817B004C9072 /* PhotoSharingApp.app */ = {isa = PBXFileReference; explicitFileType = wrapper.application; includeInIndex = 0; path = PhotoSharingApp.app; sourceTree = BUILT_PRODUCTS_DIR; };
		870F1D361AE3817B004C9072 /* Info.plist */ = {isa = PBXFileReference; lastKnownFileType = text.plist.xml; path = Info.plist; sourceTree = "<group>"; };
		870F1D371AE3817B004C9072 /* main.m */ = {isa = PBXFileReference; lastKnownFileType = sourcecode.c.objc; path = main.m; sourceTree = "<group>"; };
		870F1D391AE3817B004C9072 /* AppDelegate.h */ = {isa = PBXFileReference; lastKnownFileType = sourcecode.c.h; path = AppDelegate.h; sourceTree = "<group>"; };
		870F1D3A1AE3817B004C9072 /* AppDelegate.m */ = {isa = PBXFileReference; lastKnownFileType = sourcecode.c.objc; path = AppDelegate.m; sourceTree = "<group>"; };
		870F1D3C1AE3817B004C9072 /* ViewController.h */ = {isa = PBXFileReference; lastKnownFileType = sourcecode.c.h; path = ViewController.h; sourceTree = "<group>"; };
		870F1D3D1AE3817B004C9072 /* ViewController.m */ = {isa = PBXFileReference; lastKnownFileType = sourcecode.c.objc; path = ViewController.m; sourceTree = "<group>"; };
		870F1D401AE3817B004C9072 /* Base */ = {isa = PBXFileReference; lastKnownFileType = file.storyboard; name = Base; path = Base.lproj/Main.storyboard; sourceTree = "<group>"; };
		870F1D421AE3817B004C9072 /* Images.xcassets */ = {isa = PBXFileReference; lastKnownFileType = folder.assetcatalog; path = Images.xcassets; sourceTree = "<group>"; };
		870F1D451AE3817B004C9072 /* Base */ = {isa = PBXFileReference; lastKnownFileType = file.xib; name = Base; path = Base.lproj/LaunchScreen.xib; sourceTree = "<group>"; };
		870F1D4B1AE3817B004C9072 /* PhotoSharingAppTests.xctest */ = {isa = PBXFileReference; explicitFileType = wrapper.cfbundle; includeInIndex = 0; path = PhotoSharingAppTests.xctest; sourceTree = BUILT_PRODUCTS_DIR; };
		870F1D501AE3817B004C9072 /* Info.plist */ = {isa = PBXFileReference; lastKnownFileType = text.plist.xml; path = Info.plist; sourceTree = "<group>"; };
		870F1D511AE3817B004C9072 /* PhotoSharingAppTests.m */ = {isa = PBXFileReference; lastKnownFileType = sourcecode.c.objc; path = PhotoSharingAppTests.m; sourceTree = "<group>"; };
		873855131AE98C4D00168B3A /* AFHTTPRequestOperation.h */ = {isa = PBXFileReference; fileEncoding = 4; lastKnownFileType = sourcecode.c.h; path = AFHTTPRequestOperation.h; sourceTree = "<group>"; };
		873855141AE98C4D00168B3A /* AFHTTPRequestOperation.m */ = {isa = PBXFileReference; fileEncoding = 4; lastKnownFileType = sourcecode.c.objc; path = AFHTTPRequestOperation.m; sourceTree = "<group>"; };
		873855151AE98C4D00168B3A /* AFHTTPRequestOperationManager.h */ = {isa = PBXFileReference; fileEncoding = 4; lastKnownFileType = sourcecode.c.h; path = AFHTTPRequestOperationManager.h; sourceTree = "<group>"; };
		873855161AE98C4D00168B3A /* AFHTTPRequestOperationManager.m */ = {isa = PBXFileReference; fileEncoding = 4; lastKnownFileType = sourcecode.c.objc; path = AFHTTPRequestOperationManager.m; sourceTree = "<group>"; };
		873855171AE98C4D00168B3A /* AFHTTPSessionManager.h */ = {isa = PBXFileReference; fileEncoding = 4; lastKnownFileType = sourcecode.c.h; path = AFHTTPSessionManager.h; sourceTree = "<group>"; };
		873855181AE98C4D00168B3A /* AFHTTPSessionManager.m */ = {isa = PBXFileReference; fileEncoding = 4; lastKnownFileType = sourcecode.c.objc; path = AFHTTPSessionManager.m; sourceTree = "<group>"; };
		873855191AE98C4D00168B3A /* AFNetworking.h */ = {isa = PBXFileReference; fileEncoding = 4; lastKnownFileType = sourcecode.c.h; path = AFNetworking.h; sourceTree = "<group>"; };
		8738551A1AE98C4D00168B3A /* AFNetworkReachabilityManager.h */ = {isa = PBXFileReference; fileEncoding = 4; lastKnownFileType = sourcecode.c.h; path = AFNetworkReachabilityManager.h; sourceTree = "<group>"; };
		8738551B1AE98C4D00168B3A /* AFNetworkReachabilityManager.m */ = {isa = PBXFileReference; fileEncoding = 4; lastKnownFileType = sourcecode.c.objc; path = AFNetworkReachabilityManager.m; sourceTree = "<group>"; };
		8738551C1AE98C4D00168B3A /* AFSecurityPolicy.h */ = {isa = PBXFileReference; fileEncoding = 4; lastKnownFileType = sourcecode.c.h; path = AFSecurityPolicy.h; sourceTree = "<group>"; };
		8738551D1AE98C4D00168B3A /* AFSecurityPolicy.m */ = {isa = PBXFileReference; fileEncoding = 4; lastKnownFileType = sourcecode.c.objc; path = AFSecurityPolicy.m; sourceTree = "<group>"; };
		8738551E1AE98C4D00168B3A /* AFURLConnectionOperation.h */ = {isa = PBXFileReference; fileEncoding = 4; lastKnownFileType = sourcecode.c.h; path = AFURLConnectionOperation.h; sourceTree = "<group>"; };
		8738551F1AE98C4D00168B3A /* AFURLConnectionOperation.m */ = {isa = PBXFileReference; fileEncoding = 4; lastKnownFileType = sourcecode.c.objc; path = AFURLConnectionOperation.m; sourceTree = "<group>"; };
		873855201AE98C4D00168B3A /* AFURLRequestSerialization.h */ = {isa = PBXFileReference; fileEncoding = 4; lastKnownFileType = sourcecode.c.h; path = AFURLRequestSerialization.h; sourceTree = "<group>"; };
		873855211AE98C4D00168B3A /* AFURLRequestSerialization.m */ = {isa = PBXFileReference; fileEncoding = 4; lastKnownFileType = sourcecode.c.objc; path = AFURLRequestSerialization.m; sourceTree = "<group>"; };
		873855221AE98C4D00168B3A /* AFURLResponseSerialization.h */ = {isa = PBXFileReference; fileEncoding = 4; lastKnownFileType = sourcecode.c.h; path = AFURLResponseSerialization.h; sourceTree = "<group>"; };
		873855231AE98C4D00168B3A /* AFURLResponseSerialization.m */ = {isa = PBXFileReference; fileEncoding = 4; lastKnownFileType = sourcecode.c.objc; path = AFURLResponseSerialization.m; sourceTree = "<group>"; };
		873855241AE98C4D00168B3A /* AFURLSessionManager.h */ = {isa = PBXFileReference; fileEncoding = 4; lastKnownFileType = sourcecode.c.h; path = AFURLSessionManager.h; sourceTree = "<group>"; };
		873855251AE98C4D00168B3A /* AFURLSessionManager.m */ = {isa = PBXFileReference; fileEncoding = 4; lastKnownFileType = sourcecode.c.objc; path = AFURLSessionManager.m; sourceTree = "<group>"; };
		873855271AE98C4D00168B3A /* AFNetworkActivityIndicatorManager.h */ = {isa = PBXFileReference; fileEncoding = 4; lastKnownFileType = sourcecode.c.h; path = AFNetworkActivityIndicatorManager.h; sourceTree = "<group>"; };
		873855281AE98C4D00168B3A /* AFNetworkActivityIndicatorManager.m */ = {isa = PBXFileReference; fileEncoding = 4; lastKnownFileType = sourcecode.c.objc; path = AFNetworkActivityIndicatorManager.m; sourceTree = "<group>"; };
		873855291AE98C4D00168B3A /* UIActivityIndicatorView+AFNetworking.h */ = {isa = PBXFileReference; fileEncoding = 4; lastKnownFileType = sourcecode.c.h; path = "UIActivityIndicatorView+AFNetworking.h"; sourceTree = "<group>"; };
		8738552A1AE98C4D00168B3A /* UIActivityIndicatorView+AFNetworking.m */ = {isa = PBXFileReference; fileEncoding = 4; lastKnownFileType = sourcecode.c.objc; path = "UIActivityIndicatorView+AFNetworking.m"; sourceTree = "<group>"; };
		8738552B1AE98C4D00168B3A /* UIAlertView+AFNetworking.h */ = {isa = PBXFileReference; fileEncoding = 4; lastKnownFileType = sourcecode.c.h; path = "UIAlertView+AFNetworking.h"; sourceTree = "<group>"; };
		8738552C1AE98C4D00168B3A /* UIAlertView+AFNetworking.m */ = {isa = PBXFileReference; fileEncoding = 4; lastKnownFileType = sourcecode.c.objc; path = "UIAlertView+AFNetworking.m"; sourceTree = "<group>"; };
		8738552D1AE98C4D00168B3A /* UIButton+AFNetworking.h */ = {isa = PBXFileReference; fileEncoding = 4; lastKnownFileType = sourcecode.c.h; path = "UIButton+AFNetworking.h"; sourceTree = "<group>"; };
		8738552E1AE98C4D00168B3A /* UIButton+AFNetworking.m */ = {isa = PBXFileReference; fileEncoding = 4; lastKnownFileType = sourcecode.c.objc; path = "UIButton+AFNetworking.m"; sourceTree = "<group>"; };
		8738552F1AE98C4D00168B3A /* UIImageView+AFNetworking.h */ = {isa = PBXFileReference; fileEncoding = 4; lastKnownFileType = sourcecode.c.h; path = "UIImageView+AFNetworking.h"; sourceTree = "<group>"; };
		873855301AE98C4D00168B3A /* UIImageView+AFNetworking.m */ = {isa = PBXFileReference; fileEncoding = 4; lastKnownFileType = sourcecode.c.objc; path = "UIImageView+AFNetworking.m"; sourceTree = "<group>"; };
		873855311AE98C4D00168B3A /* UIKit+AFNetworking.h */ = {isa = PBXFileReference; fileEncoding = 4; lastKnownFileType = sourcecode.c.h; path = "UIKit+AFNetworking.h"; sourceTree = "<group>"; };
		873855321AE98C4D00168B3A /* UIProgressView+AFNetworking.h */ = {isa = PBXFileReference; fileEncoding = 4; lastKnownFileType = sourcecode.c.h; path = "UIProgressView+AFNetworking.h"; sourceTree = "<group>"; };
		873855331AE98C4D00168B3A /* UIProgressView+AFNetworking.m */ = {isa = PBXFileReference; fileEncoding = 4; lastKnownFileType = sourcecode.c.objc; path = "UIProgressView+AFNetworking.m"; sourceTree = "<group>"; };
		873855341AE98C4D00168B3A /* UIRefreshControl+AFNetworking.h */ = {isa = PBXFileReference; fileEncoding = 4; lastKnownFileType = sourcecode.c.h; path = "UIRefreshControl+AFNetworking.h"; sourceTree = "<group>"; };
		873855351AE98C4D00168B3A /* UIRefreshControl+AFNetworking.m */ = {isa = PBXFileReference; fileEncoding = 4; lastKnownFileType = sourcecode.c.objc; path = "UIRefreshControl+AFNetworking.m"; sourceTree = "<group>"; };
		873855361AE98C4D00168B3A /* UIWebView+AFNetworking.h */ = {isa = PBXFileReference; fileEncoding = 4; lastKnownFileType = sourcecode.c.h; path = "UIWebView+AFNetworking.h"; sourceTree = "<group>"; };
		873855371AE98C4D00168B3A /* UIWebView+AFNetworking.m */ = {isa = PBXFileReference; fileEncoding = 4; lastKnownFileType = sourcecode.c.objc; path = "UIWebView+AFNetworking.m"; sourceTree = "<group>"; };
		87AB4E411AE38A3800636DB0 /* Bolts.framework */ = {isa = PBXFileReference; lastKnownFileType = wrapper.framework; name = Bolts.framework; path = ../../FacebookSDK/Bolts.framework; sourceTree = "<group>"; };
		87AB4E421AE38A3800636DB0 /* FBSDKCoreKit.framework */ = {isa = PBXFileReference; lastKnownFileType = wrapper.framework; name = FBSDKCoreKit.framework; path = ../../FacebookSDK/FBSDKCoreKit.framework; sourceTree = "<group>"; };
		87AB4E431AE38A3800636DB0 /* FBSDKLoginKit.framework */ = {isa = PBXFileReference; lastKnownFileType = wrapper.framework; name = FBSDKLoginKit.framework; path = ../../FacebookSDK/FBSDKLoginKit.framework; sourceTree = "<group>"; };
		87AB4E441AE38A3800636DB0 /* FBSDKShareKit.framework */ = {isa = PBXFileReference; lastKnownFileType = wrapper.framework; name = FBSDKShareKit.framework; path = ../../FacebookSDK/FBSDKShareKit.framework; sourceTree = "<group>"; };
		87E7A2391AE6FD9600D84195 /* MessageUI.framework */ = {isa = PBXFileReference; lastKnownFileType = wrapper.framework; name = MessageUI.framework; path = System/Library/Frameworks/MessageUI.framework; sourceTree = SDKROOT; };
/* End PBXFileReference section */

/* Begin PBXFrameworksBuildPhase section */
		870F1D2F1AE3817B004C9072 /* Frameworks */ = {
			isa = PBXFrameworksBuildPhase;
			buildActionMask = 2147483647;
			files = (
				87E7A23A1AE6FD9600D84195 /* MessageUI.framework in Frameworks */,
				87AB4E481AE38A3800636DB0 /* FBSDKShareKit.framework in Frameworks */,
				87AB4E451AE38A3800636DB0 /* Bolts.framework in Frameworks */,
				87AB4E461AE38A3800636DB0 /* FBSDKCoreKit.framework in Frameworks */,
				87AB4E471AE38A3800636DB0 /* FBSDKLoginKit.framework in Frameworks */,
			);
			runOnlyForDeploymentPostprocessing = 0;
		};
		870F1D481AE3817B004C9072 /* Frameworks */ = {
			isa = PBXFrameworksBuildPhase;
			buildActionMask = 2147483647;
			files = (
			);
			runOnlyForDeploymentPostprocessing = 0;
		};
/* End PBXFrameworksBuildPhase section */

/* Begin PBXGroup section */
		870F1D291AE3817B004C9072 = {
			isa = PBXGroup;
			children = (
				873855121AE98C4D00168B3A /* AFNetworking */,
				873855261AE98C4D00168B3A /* UIKit+AFNetworking */,
				87E7A2391AE6FD9600D84195 /* MessageUI.framework */,
				87AB4E411AE38A3800636DB0 /* Bolts.framework */,
				87AB4E421AE38A3800636DB0 /* FBSDKCoreKit.framework */,
				87AB4E431AE38A3800636DB0 /* FBSDKLoginKit.framework */,
				87AB4E441AE38A3800636DB0 /* FBSDKShareKit.framework */,
				870F1D341AE3817B004C9072 /* PhotoSharingApp */,
				870F1D4E1AE3817B004C9072 /* PhotoSharingAppTests */,
				870F1D331AE3817B004C9072 /* Products */,
			);
			sourceTree = "<group>";
		};
		870F1D331AE3817B004C9072 /* Products */ = {
			isa = PBXGroup;
			children = (
				870F1D321AE3817B004C9072 /* PhotoSharingApp.app */,
				870F1D4B1AE3817B004C9072 /* PhotoSharingAppTests.xctest */,
			);
			name = Products;
			sourceTree = "<group>";
		};
		870F1D341AE3817B004C9072 /* PhotoSharingApp */ = {
			isa = PBXGroup;
			children = (
				870F1D391AE3817B004C9072 /* AppDelegate.h */,
				870F1D3A1AE3817B004C9072 /* AppDelegate.m */,
				870F1D3C1AE3817B004C9072 /* ViewController.h */,
				870F1D3D1AE3817B004C9072 /* ViewController.m */,
				870F1D3F1AE3817B004C9072 /* Main.storyboard */,
				870F1D421AE3817B004C9072 /* Images.xcassets */,
				870F1D441AE3817B004C9072 /* LaunchScreen.xib */,
				870F1D351AE3817B004C9072 /* Supporting Files */,
			);
			path = PhotoSharingApp;
			sourceTree = "<group>";
		};
		870F1D351AE3817B004C9072 /* Supporting Files */ = {
			isa = PBXGroup;
			children = (
				870F1D361AE3817B004C9072 /* Info.plist */,
				870F1D371AE3817B004C9072 /* main.m */,
			);
			name = "Supporting Files";
			sourceTree = "<group>";
		};
		870F1D4E1AE3817B004C9072 /* PhotoSharingAppTests */ = {
			isa = PBXGroup;
			children = (
				870F1D511AE3817B004C9072 /* PhotoSharingAppTests.m */,
				870F1D4F1AE3817B004C9072 /* Supporting Files */,
			);
			path = PhotoSharingAppTests;
			sourceTree = "<group>";
		};
		870F1D4F1AE3817B004C9072 /* Supporting Files */ = {
			isa = PBXGroup;
			children = (
				870F1D501AE3817B004C9072 /* Info.plist */,
			);
			name = "Supporting Files";
			sourceTree = "<group>";
		};
		873855121AE98C4D00168B3A /* AFNetworking */ = {
			isa = PBXGroup;
			children = (
				873855131AE98C4D00168B3A /* AFHTTPRequestOperation.h */,
				873855141AE98C4D00168B3A /* AFHTTPRequestOperation.m */,
				873855151AE98C4D00168B3A /* AFHTTPRequestOperationManager.h */,
				873855161AE98C4D00168B3A /* AFHTTPRequestOperationManager.m */,
				873855171AE98C4D00168B3A /* AFHTTPSessionManager.h */,
				873855181AE98C4D00168B3A /* AFHTTPSessionManager.m */,
				873855191AE98C4D00168B3A /* AFNetworking.h */,
				8738551A1AE98C4D00168B3A /* AFNetworkReachabilityManager.h */,
				8738551B1AE98C4D00168B3A /* AFNetworkReachabilityManager.m */,
				8738551C1AE98C4D00168B3A /* AFSecurityPolicy.h */,
				8738551D1AE98C4D00168B3A /* AFSecurityPolicy.m */,
				8738551E1AE98C4D00168B3A /* AFURLConnectionOperation.h */,
				8738551F1AE98C4D00168B3A /* AFURLConnectionOperation.m */,
				873855201AE98C4D00168B3A /* AFURLRequestSerialization.h */,
				873855211AE98C4D00168B3A /* AFURLRequestSerialization.m */,
				873855221AE98C4D00168B3A /* AFURLResponseSerialization.h */,
				873855231AE98C4D00168B3A /* AFURLResponseSerialization.m */,
				873855241AE98C4D00168B3A /* AFURLSessionManager.h */,
				873855251AE98C4D00168B3A /* AFURLSessionManager.m */,
			);
			path = AFNetworking;
			sourceTree = "<group>";
		};
		873855261AE98C4D00168B3A /* UIKit+AFNetworking */ = {
			isa = PBXGroup;
			children = (
				873855271AE98C4D00168B3A /* AFNetworkActivityIndicatorManager.h */,
				873855281AE98C4D00168B3A /* AFNetworkActivityIndicatorManager.m */,
				873855291AE98C4D00168B3A /* UIActivityIndicatorView+AFNetworking.h */,
				8738552A1AE98C4D00168B3A /* UIActivityIndicatorView+AFNetworking.m */,
				8738552B1AE98C4D00168B3A /* UIAlertView+AFNetworking.h */,
				8738552C1AE98C4D00168B3A /* UIAlertView+AFNetworking.m */,
				8738552D1AE98C4D00168B3A /* UIButton+AFNetworking.h */,
				8738552E1AE98C4D00168B3A /* UIButton+AFNetworking.m */,
				8738552F1AE98C4D00168B3A /* UIImageView+AFNetworking.h */,
				873855301AE98C4D00168B3A /* UIImageView+AFNetworking.m */,
				873855311AE98C4D00168B3A /* UIKit+AFNetworking.h */,
				873855321AE98C4D00168B3A /* UIProgressView+AFNetworking.h */,
				873855331AE98C4D00168B3A /* UIProgressView+AFNetworking.m */,
				873855341AE98C4D00168B3A /* UIRefreshControl+AFNetworking.h */,
				873855351AE98C4D00168B3A /* UIRefreshControl+AFNetworking.m */,
				873855361AE98C4D00168B3A /* UIWebView+AFNetworking.h */,
				873855371AE98C4D00168B3A /* UIWebView+AFNetworking.m */,
			);
			path = "UIKit+AFNetworking";
			sourceTree = "<group>";
		};
/* End PBXGroup section */

/* Begin PBXNativeTarget section */
		870F1D311AE3817B004C9072 /* PhotoSharingApp */ = {
			isa = PBXNativeTarget;
			buildConfigurationList = 870F1D551AE3817B004C9072 /* Build configuration list for PBXNativeTarget "PhotoSharingApp" */;
			buildPhases = (
				870F1D2E1AE3817B004C9072 /* Sources */,
				870F1D2F1AE3817B004C9072 /* Frameworks */,
				870F1D301AE3817B004C9072 /* Resources */,
			);
			buildRules = (
			);
			dependencies = (
			);
			name = PhotoSharingApp;
			productName = PhotoSharingApp;
			productReference = 870F1D321AE3817B004C9072 /* PhotoSharingApp.app */;
			productType = "com.apple.product-type.application";
		};
		870F1D4A1AE3817B004C9072 /* PhotoSharingAppTests */ = {
			isa = PBXNativeTarget;
			buildConfigurationList = 870F1D581AE3817B004C9072 /* Build configuration list for PBXNativeTarget "PhotoSharingAppTests" */;
			buildPhases = (
				870F1D471AE3817B004C9072 /* Sources */,
				870F1D481AE3817B004C9072 /* Frameworks */,
				870F1D491AE3817B004C9072 /* Resources */,
			);
			buildRules = (
			);
			dependencies = (
				870F1D4D1AE3817B004C9072 /* PBXTargetDependency */,
			);
			name = PhotoSharingAppTests;
			productName = PhotoSharingAppTests;
			productReference = 870F1D4B1AE3817B004C9072 /* PhotoSharingAppTests.xctest */;
			productType = "com.apple.product-type.bundle.unit-test";
		};
/* End PBXNativeTarget section */

/* Begin PBXProject section */
		870F1D2A1AE3817B004C9072 /* Project object */ = {
			isa = PBXProject;
			attributes = {
				LastUpgradeCheck = 0630;
				ORGANIZATIONNAME = Sadhana;
				TargetAttributes = {
					870F1D311AE3817B004C9072 = {
						CreatedOnToolsVersion = 6.3;
					};
					870F1D4A1AE3817B004C9072 = {
						CreatedOnToolsVersion = 6.3;
						TestTargetID = 870F1D311AE3817B004C9072;
					};
				};
			};
			buildConfigurationList = 870F1D2D1AE3817B004C9072 /* Build configuration list for PBXProject "PhotoSharingApp" */;
			compatibilityVersion = "Xcode 3.2";
			developmentRegion = English;
			hasScannedForEncodings = 0;
			knownRegions = (
				en,
				Base,
			);
			mainGroup = 870F1D291AE3817B004C9072;
			productRefGroup = 870F1D331AE3817B004C9072 /* Products */;
			projectDirPath = "";
			projectRoot = "";
			targets = (
				870F1D311AE3817B004C9072 /* PhotoSharingApp */,
				870F1D4A1AE3817B004C9072 /* PhotoSharingAppTests */,
			);
		};
/* End PBXProject section */

/* Begin PBXResourcesBuildPhase section */
		870F1D301AE3817B004C9072 /* Resources */ = {
			isa = PBXResourcesBuildPhase;
			buildActionMask = 2147483647;
			files = (
				870F1D411AE3817B004C9072 /* Main.storyboard in Resources */,
				870F1D461AE3817B004C9072 /* LaunchScreen.xib in Resources */,
				870F1D431AE3817B004C9072 /* Images.xcassets in Resources */,
			);
			runOnlyForDeploymentPostprocessing = 0;
		};
		870F1D491AE3817B004C9072 /* Resources */ = {
			isa = PBXResourcesBuildPhase;
			buildActionMask = 2147483647;
			files = (
			);
			runOnlyForDeploymentPostprocessing = 0;
		};
/* End PBXResourcesBuildPhase section */

/* Begin PBXSourcesBuildPhase section */
		870F1D2E1AE3817B004C9072 /* Sources */ = {
			isa = PBXSourcesBuildPhase;
			buildActionMask = 2147483647;
			files = (
				873855381AE98C4D00168B3A /* AFHTTPRequestOperation.m in Sources */,
				873855451AE98C4D00168B3A /* UIImageView+AFNetworking.m in Sources */,
				870F1D3E1AE3817B004C9072 /* ViewController.m in Sources */,
				873855391AE98C4D00168B3A /* AFHTTPRequestOperationManager.m in Sources */,
				873855461AE98C4D00168B3A /* UIProgressView+AFNetworking.m in Sources */,
				8738553B1AE98C4D00168B3A /* AFNetworkReachabilityManager.m in Sources */,
				8738553F1AE98C4D00168B3A /* AFURLResponseSerialization.m in Sources */,
				8738553D1AE98C4D00168B3A /* AFURLConnectionOperation.m in Sources */,
				873855441AE98C4D00168B3A /* UIButton+AFNetworking.m in Sources */,
				873855421AE98C4D00168B3A /* UIActivityIndicatorView+AFNetworking.m in Sources */,
				8738553C1AE98C4D00168B3A /* AFSecurityPolicy.m in Sources */,
				873855471AE98C4D00168B3A /* UIRefreshControl+AFNetworking.m in Sources */,
				873855481AE98C4D00168B3A /* UIWebView+AFNetworking.m in Sources */,
				8738553A1AE98C4D00168B3A /* AFHTTPSessionManager.m in Sources */,
				873855431AE98C4D00168B3A /* UIAlertView+AFNetworking.m in Sources */,
				8738553E1AE98C4D00168B3A /* AFURLRequestSerialization.m in Sources */,
				873855411AE98C4D00168B3A /* AFNetworkActivityIndicatorManager.m in Sources */,
				873855401AE98C4D00168B3A /* AFURLSessionManager.m in Sources */,
				870F1D3B1AE3817B004C9072 /* AppDelegate.m in Sources */,
				870F1D381AE3817B004C9072 /* main.m in Sources */,
			);
			runOnlyForDeploymentPostprocessing = 0;
		};
		870F1D471AE3817B004C9072 /* Sources */ = {
			isa = PBXSourcesBuildPhase;
			buildActionMask = 2147483647;
			files = (
				870F1D521AE3817B004C9072 /* PhotoSharingAppTests.m in Sources */,
			);
			runOnlyForDeploymentPostprocessing = 0;
		};
/* End PBXSourcesBuildPhase section */

/* Begin PBXTargetDependency section */
		870F1D4D1AE3817B004C9072 /* PBXTargetDependency */ = {
			isa = PBXTargetDependency;
			target = 870F1D311AE3817B004C9072 /* PhotoSharingApp */;
			targetProxy = 870F1D4C1AE3817B004C9072 /* PBXContainerItemProxy */;
		};
/* End PBXTargetDependency section */

/* Begin PBXVariantGroup section */
		870F1D3F1AE3817B004C9072 /* Main.storyboard */ = {
			isa = PBXVariantGroup;
			children = (
				870F1D401AE3817B004C9072 /* Base */,
			);
			name = Main.storyboard;
			sourceTree = "<group>";
		};
		870F1D441AE3817B004C9072 /* LaunchScreen.xib */ = {
			isa = PBXVariantGroup;
			children = (
				870F1D451AE3817B004C9072 /* Base */,
			);
			name = LaunchScreen.xib;
			sourceTree = "<group>";
		};
/* End PBXVariantGroup section */

/* Begin XCBuildConfiguration section */
		870F1D531AE3817B004C9072 /* Debug */ = {
			isa = XCBuildConfiguration;
			buildSettings = {
				ALWAYS_SEARCH_USER_PATHS = NO;
				CLANG_CXX_LANGUAGE_STANDARD = "gnu++0x";
				CLANG_CXX_LIBRARY = "libc++";
				CLANG_ENABLE_MODULES = YES;
				CLANG_ENABLE_OBJC_ARC = YES;
				CLANG_WARN_BOOL_CONVERSION = YES;
				CLANG_WARN_CONSTANT_CONVERSION = YES;
				CLANG_WARN_DIRECT_OBJC_ISA_USAGE = YES_ERROR;
				CLANG_WARN_EMPTY_BODY = YES;
				CLANG_WARN_ENUM_CONVERSION = YES;
				CLANG_WARN_INT_CONVERSION = YES;
				CLANG_WARN_OBJC_ROOT_CLASS = YES_ERROR;
				CLANG_WARN_UNREACHABLE_CODE = YES;
				CLANG_WARN__DUPLICATE_METHOD_MATCH = YES;
				"CODE_SIGN_IDENTITY[sdk=iphoneos*]" = "iPhone Developer";
				COPY_PHASE_STRIP = NO;
				DEBUG_INFORMATION_FORMAT = "dwarf-with-dsym";
				ENABLE_STRICT_OBJC_MSGSEND = YES;
				GCC_C_LANGUAGE_STANDARD = gnu99;
				GCC_DYNAMIC_NO_PIC = NO;
				GCC_NO_COMMON_BLOCKS = YES;
				GCC_OPTIMIZATION_LEVEL = 0;
				GCC_PREPROCESSOR_DEFINITIONS = (
					"DEBUG=1",
					"$(inherited)",
				);
				GCC_SYMBOLS_PRIVATE_EXTERN = NO;
				GCC_WARN_64_TO_32_BIT_CONVERSION = YES;
				GCC_WARN_ABOUT_RETURN_TYPE = YES_ERROR;
				GCC_WARN_UNDECLARED_SELECTOR = YES;
				GCC_WARN_UNINITIALIZED_AUTOS = YES_AGGRESSIVE;
				GCC_WARN_UNUSED_FUNCTION = YES;
				GCC_WARN_UNUSED_VARIABLE = YES;
				IPHONEOS_DEPLOYMENT_TARGET = 8.3;
				MTL_ENABLE_DEBUG_INFO = YES;
				ONLY_ACTIVE_ARCH = YES;
				SDKROOT = iphoneos;
			};
			name = Debug;
		};
		870F1D541AE3817B004C9072 /* Release */ = {
			isa = XCBuildConfiguration;
			buildSettings = {
				ALWAYS_SEARCH_USER_PATHS = NO;
				CLANG_CXX_LANGUAGE_STANDARD = "gnu++0x";
				CLANG_CXX_LIBRARY = "libc++";
				CLANG_ENABLE_MODULES = YES;
				CLANG_ENABLE_OBJC_ARC = YES;
				CLANG_WARN_BOOL_CONVERSION = YES;
				CLANG_WARN_CONSTANT_CONVERSION = YES;
				CLANG_WARN_DIRECT_OBJC_ISA_USAGE = YES_ERROR;
				CLANG_WARN_EMPTY_BODY = YES;
				CLANG_WARN_ENUM_CONVERSION = YES;
				CLANG_WARN_INT_CONVERSION = YES;
				CLANG_WARN_OBJC_ROOT_CLASS = YES_ERROR;
				CLANG_WARN_UNREACHABLE_CODE = YES;
				CLANG_WARN__DUPLICATE_METHOD_MATCH = YES;
				"CODE_SIGN_IDENTITY[sdk=iphoneos*]" = "iPhone Developer";
				COPY_PHASE_STRIP = NO;
				DEBUG_INFORMATION_FORMAT = "dwarf-with-dsym";
				ENABLE_NS_ASSERTIONS = NO;
				ENABLE_STRICT_OBJC_MSGSEND = YES;
				GCC_C_LANGUAGE_STANDARD = gnu99;
				GCC_NO_COMMON_BLOCKS = YES;
				GCC_WARN_64_TO_32_BIT_CONVERSION = YES;
				GCC_WARN_ABOUT_RETURN_TYPE = YES_ERROR;
				GCC_WARN_UNDECLARED_SELECTOR = YES;
				GCC_WARN_UNINITIALIZED_AUTOS = YES_AGGRESSIVE;
				GCC_WARN_UNUSED_FUNCTION = YES;
				GCC_WARN_UNUSED_VARIABLE = YES;
				IPHONEOS_DEPLOYMENT_TARGET = 8.3;
				MTL_ENABLE_DEBUG_INFO = NO;
				SDKROOT = iphoneos;
				VALIDATE_PRODUCT = YES;
			};
			name = Release;
		};
		870F1D561AE3817B004C9072 /* Debug */ = {
			isa = XCBuildConfiguration;
			buildSettings = {
				ASSETCATALOG_COMPILER_APPICON_NAME = AppIcon;
				CLANG_ALLOW_NON_MODULAR_INCLUDES_IN_FRAMEWORK_MODULES = YES;
				FRAMEWORK_SEARCH_PATHS = (
					"$(inherited)",
					"$(PROJECT_DIR)",
					"\"/Users/Saikrishna/Documents/FacebookSDK\"",
				);
				INFOPLIST_FILE = PhotoSharingApp/Info.plist;
				LD_RUNPATH_SEARCH_PATHS = "$(inherited) @executable_path/Frameworks";
				PRODUCT_NAME = "$(TARGET_NAME)";
			};
			name = Debug;
		};
		870F1D571AE3817B004C9072 /* Release */ = {
			isa = XCBuildConfiguration;
			buildSettings = {
				ASSETCATALOG_COMPILER_APPICON_NAME = AppIcon;
				CLANG_ALLOW_NON_MODULAR_INCLUDES_IN_FRAMEWORK_MODULES = YES;
				FRAMEWORK_SEARCH_PATHS = (
					"$(inherited)",
					"$(PROJECT_DIR)",
					"\"/Users/Saikrishna/Documents/FacebookSDK\"",
				);
				INFOPLIST_FILE = PhotoSharingApp/Info.plist;
				LD_RUNPATH_SEARCH_PATHS = "$(inherited) @executable_path/Frameworks";
				PRODUCT_NAME = "$(TARGET_NAME)";
			};
			name = Release;
		};
		870F1D591AE3817B004C9072 /* Debug */ = {
			isa = XCBuildConfiguration;
			buildSettings = {
				BUNDLE_LOADER = "$(TEST_HOST)";
				FRAMEWORK_SEARCH_PATHS = (
					"$(SDKROOT)/Developer/Library/Frameworks",
					"$(inherited)",
				);
				GCC_PREPROCESSOR_DEFINITIONS = (
					"DEBUG=1",
					"$(inherited)",
				);
				INFOPLIST_FILE = PhotoSharingAppTests/Info.plist;
				LD_RUNPATH_SEARCH_PATHS = "$(inherited) @executable_path/Frameworks @loader_path/Frameworks";
				PRODUCT_NAME = "$(TARGET_NAME)";
				TEST_HOST = "$(BUILT_PRODUCTS_DIR)/PhotoSharingApp.app/PhotoSharingApp";
			};
			name = Debug;
		};
		870F1D5A1AE3817B004C9072 /* Release */ = {
			isa = XCBuildConfiguration;
			buildSettings = {
				BUNDLE_LOADER = "$(TEST_HOST)";
				FRAMEWORK_SEARCH_PATHS = (
					"$(SDKROOT)/Developer/Library/Frameworks",
					"$(inherited)",
				);
				INFOPLIST_FILE = PhotoSharingAppTests/Info.plist;
				LD_RUNPATH_SEARCH_PATHS = "$(inherited) @executable_path/Frameworks @loader_path/Frameworks";
				PRODUCT_NAME = "$(TARGET_NAME)";
				TEST_HOST = "$(BUILT_PRODUCTS_DIR)/PhotoSharingApp.app/PhotoSharingApp";
			};
			name = Release;
		};
/* End XCBuildConfiguration section */

/* Begin XCConfigurationList section */
		870F1D2D1AE3817B004C9072 /* Build configuration list for PBXProject "PhotoSharingApp" */ = {
			isa = XCConfigurationList;
			buildConfigurations = (
				870F1D531AE3817B004C9072 /* Debug */,
				870F1D541AE3817B004C9072 /* Release */,
			);
			defaultConfigurationIsVisible = 0;
			defaultConfigurationName = Release;
		};
		870F1D551AE3817B004C9072 /* Build configuration list for PBXNativeTarget "PhotoSharingApp" */ = {
			isa = XCConfigurationList;
			buildConfigurations = (
				870F1D561AE3817B004C9072 /* Debug */,
				870F1D571AE3817B004C9072 /* Release */,
			);
			defaultConfigurationIsVisible = 0;
			defaultConfigurationName = Release;
		};
		870F1D581AE3817B004C9072 /* Build configuration list for PBXNativeTarget "PhotoSharingAppTests" */ = {
			isa = XCConfigurationList;
			buildConfigurations = (
				870F1D591AE3817B004C9072 /* Debug */,
				870F1D5A1AE3817B004C9072 /* Release */,
			);
			defaultConfigurationIsVisible = 0;
			defaultConfigurationName = Release;
		};
/* End XCConfigurationList section */
	};
	rootObject = 870F1D2A1AE3817B004C9072 /* Project object */;
}
